
Microsoft Visual Studio Solution File, Format Version 12.00
# Visual Studio Version 17
VisualStudioVersion = 17.8.34322.80
MinimumVisualStudioVersion = 10.0.40219.1
Project("{FAE04EC0-301F-11D3-BF4B-00C04F79EFBC}") = "OOP.Version", "OOP.Version\OOP.Version.csproj", "{D30BFADE-49D1-4823-8126-1D7694862BDE}"
EndProject
Project("{FAE04EC0-301F-11D3-BF4B-00C04F79EFBC}") = "OOP.Version.UnitTests", "OOP.Version.UnitTests\OOP.Version.UnitTests.csproj", "{39B14661-EB22-49E6-9A66-3812B5355FF4}"
EndProject
Global
	GlobalSection(SolutionConfigurationPlatforms) = preSolution
		Debug|Any CPU = Debug|Any CPU
		Release|Any CPU = Release|Any CPU
	EndGlobalSection
	GlobalSection(ProjectConfigurationPlatforms) = postSolution
		{D30BFADE-49D1-4823-8126-1D7694862BDE}.Debug|Any CPU.ActiveCfg = Debug|Any CPU
		{D30BFADE-49D1-4823-8126-1D7694862BDE}.Debug|Any CPU.Build.0 = Debug|Any CPU
		{D30BFADE-49D1-4823-8126-1D7694862BDE}.Release|Any CPU.ActiveCfg = Release|Any CPU
		{D30BFADE-49D1-4823-8126-1D7694862BDE}.Release|Any CPU.Build.0 = Release|Any CPU
		{39B14661-EB22-49E6-9A66-3812B5355FF4}.Debug|Any CPU.ActiveCfg = Debug|Any CPU
		{39B14661-EB22-49E6-9A66-3812B5355FF4}.Debug|Any CPU.Build.0 = Debug|Any CPU
		{39B14661-EB22-49E6-9A66-3812B5355FF4}.Release|Any CPU.ActiveCfg = Release|Any CPU
		{39B14661-EB22-49E6-9A66-3812B5355FF4}.Release|Any CPU.Build.0 = Release|Any CPU
	EndGlobalSection
	GlobalSection(SolutionProperties) = preSolution
		HideSolutionNode = FALSE
	EndGlobalSection
	GlobalSection(ExtensibilityGlobals) = postSolution
		SolutionGuid = {E3571B5D-29A2-42D4-913D-1B3E02B78347}
	EndGlobalSection
EndGlobal
